
Microsoft Visual Studio Solution File, Format Version 12.00
# Visual Studio Version 17
VisualStudioVersion = 17.11.35327.3
MinimumVisualStudioVersion = 10.0.40219.1
Project("{9A19103F-16F7-4668-BE54-9A1E7A4F7556}") = "HttpTrigger", "FunctionApp1\HttpTrigger.csproj", "{FC2F24BA-CC3D-486D-8F92-89B4E609522E}"
EndProject
Project("{9A19103F-16F7-4668-BE54-9A1E7A4F7556}") = "QueueFunction", "QueueFunction\QueueFunction.csproj", "{6951EC05-4E05-41AD-A355-438BAFB7F4FB}"
EndProject
Project("{9A19103F-16F7-4668-BE54-9A1E7A4F7556}") = "BlobFunction", "BlobFunction\BlobFunction.csproj", "{C549BBAC-4B0C-465B-9A07-EFC7B51C08C1}"
EndProject
Project("{9A19103F-16F7-4668-BE54-9A1E7A4F7556}") = "TimerFunction", "TimerFunction\TimerFunction.csproj", "{34634E26-8616-44F3-A7B5-70A6C416D9A0}"
EndProject
Project("{9A19103F-16F7-4668-BE54-9A1E7A4F7556}") = "InventoryUpdate", "InventoryUpdate\InventoryUpdate.csproj", "{14E1CA83-1F9C-447A-821F-7B60D2BCC9D6}"
	ProjectSection(ProjectDependencies) = postProject
		{8FCAF789-C123-45D4-A404-C3E03E29134A} = {8FCAF789-C123-45D4-A404-C3E03E29134A}
	EndProjectSection
EndProject
Project("{9A19103F-16F7-4668-BE54-9A1E7A4F7556}") = "SharedClassLibrary", "SharedClassLibrary\SharedClassLibrary.csproj", "{8FCAF789-C123-45D4-A404-C3E03E29134A}"
EndProject
Global
	GlobalSection(SolutionConfigurationPlatforms) = preSolution
		Debug|Any CPU = Debug|Any CPU
		Release|Any CPU = Release|Any CPU
	EndGlobalSection
	GlobalSection(ProjectConfigurationPlatforms) = postSolution
		{FC2F24BA-CC3D-486D-8F92-89B4E609522E}.Debug|Any CPU.ActiveCfg = Debug|Any CPU
		{FC2F24BA-CC3D-486D-8F92-89B4E609522E}.Debug|Any CPU.Build.0 = Debug|Any CPU
		{FC2F24BA-CC3D-486D-8F92-89B4E609522E}.Release|Any CPU.ActiveCfg = Release|Any CPU
		{FC2F24BA-CC3D-486D-8F92-89B4E609522E}.Release|Any CPU.Build.0 = Release|Any CPU
		{6951EC05-4E05-41AD-A355-438BAFB7F4FB}.Debug|Any CPU.ActiveCfg = Debug|Any CPU
		{6951EC05-4E05-41AD-A355-438BAFB7F4FB}.Debug|Any CPU.Build.0 = Debug|Any CPU
		{6951EC05-4E05-41AD-A355-438BAFB7F4FB}.Release|Any CPU.ActiveCfg = Release|Any CPU
		{6951EC05-4E05-41AD-A355-438BAFB7F4FB}.Release|Any CPU.Build.0 = Release|Any CPU
		{C549BBAC-4B0C-465B-9A07-EFC7B51C08C1}.Debug|Any CPU.ActiveCfg = Debug|Any CPU
		{C549BBAC-4B0C-465B-9A07-EFC7B51C08C1}.Debug|Any CPU.Build.0 = Debug|Any CPU
		{C549BBAC-4B0C-465B-9A07-EFC7B51C08C1}.Release|Any CPU.ActiveCfg = Release|Any CPU
		{C549BBAC-4B0C-465B-9A07-EFC7B51C08C1}.Release|Any CPU.Build.0 = Release|Any CPU
		{34634E26-8616-44F3-A7B5-70A6C416D9A0}.Debug|Any CPU.ActiveCfg = Debug|Any CPU
		{34634E26-8616-44F3-A7B5-70A6C416D9A0}.Debug|Any CPU.Build.0 = Debug|Any CPU
		{34634E26-8616-44F3-A7B5-70A6C416D9A0}.Release|Any CPU.ActiveCfg = Release|Any CPU
		{34634E26-8616-44F3-A7B5-70A6C416D9A0}.Release|Any CPU.Build.0 = Release|Any CPU
		{14E1CA83-1F9C-447A-821F-7B60D2BCC9D6}.Debug|Any CPU.ActiveCfg = Debug|Any CPU
		{14E1CA83-1F9C-447A-821F-7B60D2BCC9D6}.Debug|Any CPU.Build.0 = Debug|Any CPU
		{14E1CA83-1F9C-447A-821F-7B60D2BCC9D6}.Release|Any CPU.ActiveCfg = Release|Any CPU
		{14E1CA83-1F9C-447A-821F-7B60D2BCC9D6}.Release|Any CPU.Build.0 = Release|Any CPU
		{8FCAF789-C123-45D4-A404-C3E03E29134A}.Debug|Any CPU.ActiveCfg = Debug|Any CPU
		{8FCAF789-C123-45D4-A404-C3E03E29134A}.Debug|Any CPU.Build.0 = Debug|Any CPU
		{8FCAF789-C123-45D4-A404-C3E03E29134A}.Release|Any CPU.ActiveCfg = Release|Any CPU
		{8FCAF789-C123-45D4-A404-C3E03E29134A}.Release|Any CPU.Build.0 = Release|Any CPU
	EndGlobalSection
	GlobalSection(SolutionProperties) = preSolution
		HideSolutionNode = FALSE
	EndGlobalSection
	GlobalSection(ExtensibilityGlobals) = postSolution
		SolutionGuid = {50457236-DCFF-4E8C-91B4-D957FBC7230E}
	EndGlobalSection
EndGlobal
